
Microsoft Visual Studio Solution File, Format Version 12.00
# Visual Studio 15
VisualStudioVersion = 15.0.27004.2005
MinimumVisualStudioVersion = 10.0.40219.1
Project("{FAE04EC0-301F-11D3-BF4B-00C04F79EFBC}") = "AirTrafficControlCenter", "BluffCityWeather\AirTrafficControlCenter.csproj", "{471E7C86-C4BC-454B-8A13-95BD9E624D7E}"
EndProject
Project("{FAE04EC0-301F-11D3-BF4B-00C04F79EFBC}") = "ClassLibrary", "ClassLibrary\ClassLibrary.csproj", "{6658D60A-78F9-4FA4-9FD6-065E2BD28F15}"
EndProject
Project("{FAE04EC0-301F-11D3-BF4B-00C04F79EFBC}") = "WeatherProject", "WeatherManager\WeatherProject.csproj", "{62794C9C-E158-43AE-90C0-9869BA9A8202}"
EndProject
Project("{FAE04EC0-301F-11D3-BF4B-00C04F79EFBC}") = "AirportInformationCenter", "AirportInformationCenter\AirportInformationCenter.csproj", "{97616762-E896-4F47-B12B-C96B209B0108}"
EndProject
Project("{FAE04EC0-301F-11D3-BF4B-00C04F79EFBC}") = "AirlineSAS", "AirlineSAS\AirlineSAS.csproj", "{75D05FB6-0A17-45E9-8EAD-BF5D54D2F0D4}"
EndProject
Project("{FAE04EC0-301F-11D3-BF4B-00C04F79EFBC}") = "AirlineKLM", "AirlineKLM\AirlineKLM.csproj", "{E1C79430-B87A-4377-A3F7-FF73EDC972F0}"
EndProject
Global
	GlobalSection(SolutionConfigurationPlatforms) = preSolution
		Debug|Any CPU = Debug|Any CPU
		Release|Any CPU = Release|Any CPU
	EndGlobalSection
	GlobalSection(ProjectConfigurationPlatforms) = postSolution
		{471E7C86-C4BC-454B-8A13-95BD9E624D7E}.Debug|Any CPU.ActiveCfg = Debug|Any CPU
		{471E7C86-C4BC-454B-8A13-95BD9E624D7E}.Debug|Any CPU.Build.0 = Debug|Any CPU
		{471E7C86-C4BC-454B-8A13-95BD9E624D7E}.Release|Any CPU.ActiveCfg = Release|Any CPU
		{471E7C86-C4BC-454B-8A13-95BD9E624D7E}.Release|Any CPU.Build.0 = Release|Any CPU
		{6658D60A-78F9-4FA4-9FD6-065E2BD28F15}.Debug|Any CPU.ActiveCfg = Debug|Any CPU
		{6658D60A-78F9-4FA4-9FD6-065E2BD28F15}.Debug|Any CPU.Build.0 = Debug|Any CPU
		{6658D60A-78F9-4FA4-9FD6-065E2BD28F15}.Release|Any CPU.ActiveCfg = Release|Any CPU
		{6658D60A-78F9-4FA4-9FD6-065E2BD28F15}.Release|Any CPU.Build.0 = Release|Any CPU
		{62794C9C-E158-43AE-90C0-9869BA9A8202}.Debug|Any CPU.ActiveCfg = Debug|Any CPU
		{62794C9C-E158-43AE-90C0-9869BA9A8202}.Debug|Any CPU.Build.0 = Debug|Any CPU
		{62794C9C-E158-43AE-90C0-9869BA9A8202}.Release|Any CPU.ActiveCfg = Release|Any CPU
		{62794C9C-E158-43AE-90C0-9869BA9A8202}.Release|Any CPU.Build.0 = Release|Any CPU
		{97616762-E896-4F47-B12B-C96B209B0108}.Debug|Any CPU.ActiveCfg = Debug|Any CPU
		{97616762-E896-4F47-B12B-C96B209B0108}.Debug|Any CPU.Build.0 = Debug|Any CPU
		{97616762-E896-4F47-B12B-C96B209B0108}.Release|Any CPU.ActiveCfg = Release|Any CPU
		{97616762-E896-4F47-B12B-C96B209B0108}.Release|Any CPU.Build.0 = Release|Any CPU
		{75D05FB6-0A17-45E9-8EAD-BF5D54D2F0D4}.Debug|Any CPU.ActiveCfg = Debug|Any CPU
		{75D05FB6-0A17-45E9-8EAD-BF5D54D2F0D4}.Debug|Any CPU.Build.0 = Debug|Any CPU
		{75D05FB6-0A17-45E9-8EAD-BF5D54D2F0D4}.Release|Any CPU.ActiveCfg = Release|Any CPU
		{75D05FB6-0A17-45E9-8EAD-BF5D54D2F0D4}.Release|Any CPU.Build.0 = Release|Any CPU
		{E1C79430-B87A-4377-A3F7-FF73EDC972F0}.Debug|Any CPU.ActiveCfg = Debug|Any CPU
		{E1C79430-B87A-4377-A3F7-FF73EDC972F0}.Debug|Any CPU.Build.0 = Debug|Any CPU
		{E1C79430-B87A-4377-A3F7-FF73EDC972F0}.Release|Any CPU.ActiveCfg = Release|Any CPU
		{E1C79430-B87A-4377-A3F7-FF73EDC972F0}.Release|Any CPU.Build.0 = Release|Any CPU
	EndGlobalSection
	GlobalSection(SolutionProperties) = preSolution
		HideSolutionNode = FALSE
	EndGlobalSection
	GlobalSection(ExtensibilityGlobals) = postSolution
		SolutionGuid = {9A236C16-BD15-4539-B515-1730FC5E2059}
	EndGlobalSection
EndGlobal
